{
  "object": {
    "pins": [
      {
        "package": "AndroidAutoCompanion",
        "repositoryURL": "https://github.com/google/android-auto-companion-ios.git",
        "state": {
          "branch": null,
          "revision": "7a69ef71321996d28f2b08db67104e24957a2b92",
          "version": "1.1.0"
        }
      },
      {
        "package": "SwiftProtobuf",
        "repositoryURL": "https://github.com/apple/swift-protobuf.git",
        "state": {
          "branch": null,
          "revision": "7e2c5f3cbbeea68e004915e3a8961e20bd11d824",
          "version": "1.18.0"
        }
      }
    ]
  },
  "version": 1
}
