{
  "pins" : [
    {
      "identity" : "android-auto-companion-calendarsync-ios",
      "kind" : "remoteSourceControl",
      "location" : "https://github.com/google/android-auto-companion-calendarsync-ios",
      "state" : {
        "revision" : "df775135bc9a64dcbac3a0734ea8761bf284677d",
        "version" : "1.0.0"
      }
    },
    {
      "identity" : "android-auto-companion-ios",
      "kind" : "remoteSourceControl",
      "location" : "https://github.com/google/android-auto-companion-ios.git",
      "state" : {
        "revision" : "fc37082df8b38fcf37d75783cd2bdb4a55c15f7e",
        "version" : "2.0.3"
      }
    },
    {
      "identity" : "swift-protobuf",
      "kind" : "remoteSourceControl",
      "location" : "https://github.com/apple/swift-protobuf.git",
      "state" : {
        "revision" : "7e2c5f3cbbeea68e004915e3a8961e20bd11d824",
        "version" : "1.18.0"
      }
    }
  ],
  "version" : 2
}
